
Microsoft Visual Studio Solution File, Format Version 12.00
# Visual Studio 14
VisualStudioVersion = 14.0.25420.1
MinimumVisualStudioVersion = 10.0.40219.1
Project("{FAE04EC0-301F-11D3-BF4B-00C04F79EFBC}") = "WindowsFormsApplication", "WindowsFormsApplication\WindowsFormsApplication.csproj", "{81CCA6BE-4D53-4BC6-8C17-37A8FBF156C8}"
EndProject
Project("{FAE04EC0-301F-11D3-BF4B-00C04F79EFBC}") = "Model", "Model\Model.csproj", "{A4028D2F-1594-481E-BA30-D4B0825390E4}"
EndProject
Project("{FAE04EC0-301F-11D3-BF4B-00C04F79EFBC}") = "Cleaner", "Cleaner\Cleaner.csproj", "{79E15FEA-8EF3-4549-88B2-C85E27D58C2C}"
EndProject
Project("{FAE04EC0-301F-11D3-BF4B-00C04F79EFBC}") = "CatchLab", "CatchLab\CatchLab.csproj", "{66252E92-D155-4B56-BB55-33AC07816049}"
EndProject
Global
	GlobalSection(SolutionConfigurationPlatforms) = preSolution
		Debug|Any CPU = Debug|Any CPU
		Release|Any CPU = Release|Any CPU
	EndGlobalSection
	GlobalSection(ProjectConfigurationPlatforms) = postSolution
		{81CCA6BE-4D53-4BC6-8C17-37A8FBF156C8}.Debug|Any CPU.ActiveCfg = Debug|Any CPU
		{81CCA6BE-4D53-4BC6-8C17-37A8FBF156C8}.Debug|Any CPU.Build.0 = Debug|Any CPU
		{81CCA6BE-4D53-4BC6-8C17-37A8FBF156C8}.Release|Any CPU.ActiveCfg = Release|Any CPU
		{81CCA6BE-4D53-4BC6-8C17-37A8FBF156C8}.Release|Any CPU.Build.0 = Release|Any CPU
		{A4028D2F-1594-481E-BA30-D4B0825390E4}.Debug|Any CPU.ActiveCfg = Debug|Any CPU
		{A4028D2F-1594-481E-BA30-D4B0825390E4}.Debug|Any CPU.Build.0 = Debug|Any CPU
		{A4028D2F-1594-481E-BA30-D4B0825390E4}.Release|Any CPU.ActiveCfg = Release|Any CPU
		{A4028D2F-1594-481E-BA30-D4B0825390E4}.Release|Any CPU.Build.0 = Release|Any CPU
		{79E15FEA-8EF3-4549-88B2-C85E27D58C2C}.Debug|Any CPU.ActiveCfg = Debug|Any CPU
		{79E15FEA-8EF3-4549-88B2-C85E27D58C2C}.Debug|Any CPU.Build.0 = Debug|Any CPU
		{79E15FEA-8EF3-4549-88B2-C85E27D58C2C}.Release|Any CPU.ActiveCfg = Release|Any CPU
		{79E15FEA-8EF3-4549-88B2-C85E27D58C2C}.Release|Any CPU.Build.0 = Release|Any CPU
		{66252E92-D155-4B56-BB55-33AC07816049}.Debug|Any CPU.ActiveCfg = Debug|Any CPU
		{66252E92-D155-4B56-BB55-33AC07816049}.Debug|Any CPU.Build.0 = Debug|Any CPU
		{66252E92-D155-4B56-BB55-33AC07816049}.Release|Any CPU.ActiveCfg = Release|Any CPU
		{66252E92-D155-4B56-BB55-33AC07816049}.Release|Any CPU.Build.0 = Release|Any CPU
	EndGlobalSection
	GlobalSection(SolutionProperties) = preSolution
		HideSolutionNode = FALSE
	EndGlobalSection
EndGlobal
